dependencies:
- name: exastro-it-automation
  repository: file://../exastro-it-automation
  version: 1.1.1
- name: exastro-platform
  repository: file://../exastro-platform
  version: 1.4.2
digest: sha256:f1560272de96e1638b3ff6c99a66aed4a165aaf3b17e78dfbbc374c768865139
generated: "2023-02-10T14:08:55.478592631+09:00"
